
Microsoft Visual Studio Solution File, Format Version 12.00
# Visual Studio 15
VisualStudioVersion = 15.0.28307.852
MinimumVisualStudioVersion = 10.0.40219.1
Project("{9A19103F-16F7-4668-BE54-9A1E7A4F7556}") = "FoodHazardAnalysis", "FoodHazardAnalysis\FoodHazardAnalysis.csproj", "{A017E743-E20E-4447-B1E0-F9DE9F32E9C5}"
EndProject
Global
	GlobalSection(SolutionConfigurationPlatforms) = preSolution
		Debug|Any CPU = Debug|Any CPU
		Release|Any CPU = Release|Any CPU
	EndGlobalSection
	GlobalSection(ProjectConfigurationPlatforms) = postSolution
		{A017E743-E20E-4447-B1E0-F9DE9F32E9C5}.Debug|Any CPU.ActiveCfg = Debug|Any CPU
		{A017E743-E20E-4447-B1E0-F9DE9F32E9C5}.Debug|Any CPU.Build.0 = Debug|Any CPU
		{A017E743-E20E-4447-B1E0-F9DE9F32E9C5}.Release|Any CPU.ActiveCfg = Release|Any CPU
		{A017E743-E20E-4447-B1E0-F9DE9F32E9C5}.Release|Any CPU.Build.0 = Release|Any CPU
	EndGlobalSection
	GlobalSection(SolutionProperties) = preSolution
		HideSolutionNode = FALSE
	EndGlobalSection
	GlobalSection(ExtensibilityGlobals) = postSolution
		SolutionGuid = {67579F9D-050D-4CBF-8D56-2BE69A030F05}
	EndGlobalSection
EndGlobal
